{
  "name": "@nuxtjs/dynamic-i18n",
  "version": "2.0.0",
  "lockfileVersion": 1,
  "requires": true,
  "dependencies": {
    "es-toolkit": {
      "version": "1.52.0",
      "resolved": "https://registry.npmjs.org/es-toolkit/-/es-toolkit-1.52.0.tgz",
      "integrity": "sha512-XTNEJQh1tY1ZJVcf6ayP/2n4ZPyaHlW2FWs7xvw5ddPuhUVjLD3olQVQS7kf58JbAB48iL0uL/jerTrjtV3lDA=="
    },
    "google-spreadsheet": {
      "version": "5.3.0",
      "resolved": "https://registry.npmjs.org/google-spreadsheet/-/google-spreadsheet-5.3.0.tgz",
      "integrity": "sha512-hsMI2hc1aqDgZsfOEvJ+M4vwH6h8OuXKdxwKPPQq/OKs2dYnuaD8qx3GtiPyYcXRSN60j7EHbaHBPihOhzwY/A==",
      "requires": {
        "es-toolkit": "^1.47.0",
        "ky": "^2.0.2"
      }
    },
    "ky": {
      "version": "2.1.0",
      "resolved": "https://registry.npmjs.org/ky/-/ky-2.1.0.tgz",
      "integrity": "sha512-nIKwelw+7qVqKOlX4Eht6GXfEXlDHcdIjyLWV3s119kYt5s+70ayTnYS+0fRNmtgGRRAfqdeWQbh8YizqkS0ng=="
    },
    "lodash": {
      "version": "4.17.5",
      "resolved": "https://registry.npmjs.org/lodash/-/lodash-4.17.5.tgz",
      "integrity": "sha512-svL3uiZf1RwhH+cWrfZn3A4+U58wbP0tGVTLQPbjplZxZ8ROD9VLuNgsRniTlLe7OlSqR79RUehXgpBW/s0IQw=="
    },
    "vue-i18n": {
      "version": "7.6.0",
      "resolved": "https://registry.npmjs.org/vue-i18n/-/vue-i18n-7.6.0.tgz",
      "integrity": "sha512-IqyGj4nOFrGopCCpRucfMPJSgp5WauuI8HTaAQc7XIpHT7iOH4flndy1g09FiUzidi0lRVKJME+S7sPJny/t/A=="
    }
  }
}
