# THIS IS AN AUTOGENERATED FILE. DO NOT EDIT THIS FILE DIRECTLY.
# yarn lockfile v1


es-toolkit@^1.47.0:
  version "1.52.0"
  resolved "https://registry.yarnpkg.com/es-toolkit/-/es-toolkit-1.52.0.tgz#71eaf1a8b18834ef77637eccbb885ba4c03cd6dd"
  integrity sha512-XTNEJQh1tY1ZJVcf6ayP/2n4ZPyaHlW2FWs7xvw5ddPuhUVjLD3olQVQS7kf58JbAB48iL0uL/jerTrjtV3lDA==

google-spreadsheet@^5.0.0:
  version "5.3.0"
  resolved "https://registry.yarnpkg.com/google-spreadsheet/-/google-spreadsheet-5.3.0.tgz#474401916c3f35eb2119af9ddb646ab6a9c1a0cb"
  integrity sha512-hsMI2hc1aqDgZsfOEvJ+M4vwH6h8OuXKdxwKPPQq/OKs2dYnuaD8qx3GtiPyYcXRSN60j7EHbaHBPihOhzwY/A==
  dependencies:
    es-toolkit "^1.47.0"
    ky "^2.0.2"

ky@^2.0.2:
  version "2.1.0"
  resolved "https://registry.yarnpkg.com/ky/-/ky-2.1.0.tgz#c871f28fbd7331ba58d39d9d6af52d1dade01545"
  integrity sha512-nIKwelw+7qVqKOlX4Eht6GXfEXlDHcdIjyLWV3s119kYt5s+70ayTnYS+0fRNmtgGRRAfqdeWQbh8YizqkS0ng==

lodash@^4.17.5:
  version "4.17.15"
  resolved "https://registry.yarnpkg.com/lodash/-/lodash-4.17.15.tgz#b447f6670a0455bbfeedd11392eff330ea097548"
  integrity sha512-8xOcRHvCjnocdS5cpwXQXVzmmh5e5+saE2QGoeQmbKmRS6J3VQppPOIt0MnmE+4xlZoumy0GPG0D0MVIQbNA1A==

vue-i18n@^7.6.0:
  version "7.8.1"
  resolved "https://registry.yarnpkg.com/vue-i18n/-/vue-i18n-7.8.1.tgz#2ce4b6efde679a1e05ddb5d907bfc1bc218803b2"
  integrity sha512-BzB+EAPo/iFyFn/GXd/qVdDe67jfk+gmQaWUKD5BANhUclGrFxzRExzW2pYEAbhNm2pg0F12Oo+gL2IMLDcTAw==
